
Microsoft Visual Studio Solution File, Format Version 12.00
# Visual Studio Version 16
VisualStudioVersion = 16.0.31005.135
MinimumVisualStudioVersion = 10.0.40219.1
Project("{FAE04EC0-301F-11D3-BF4B-00C04F79EFBC}") = "InTouch-AutoFile", "InTouch-AutoFile\InTouch-AutoFile.csproj", "{BAB44216-79A7-4055-B54A-A57FC818A251}"
EndProject
Global
	GlobalSection(SolutionConfigurationPlatforms) = preSolution
		Debug|Any CPU = Debug|Any CPU
		Release|Any CPU = Release|Any CPU
	EndGlobalSection
	GlobalSection(ProjectConfigurationPlatforms) = postSolution
		{BAB44216-79A7-4055-B54A-A57FC818A251}.Debug|Any CPU.ActiveCfg = Debug|Any CPU
		{BAB44216-79A7-4055-B54A-A57FC818A251}.Debug|Any CPU.Build.0 = Debug|Any CPU
		{BAB44216-79A7-4055-B54A-A57FC818A251}.Release|Any CPU.ActiveCfg = Release|Any CPU
		{BAB44216-79A7-4055-B54A-A57FC818A251}.Release|Any CPU.Build.0 = Release|Any CPU
	EndGlobalSection
	GlobalSection(SolutionProperties) = preSolution
		HideSolutionNode = FALSE
	EndGlobalSection
	GlobalSection(ExtensibilityGlobals) = postSolution
		SolutionGuid = {3E976C30-F6FD-43EF-9DF5-AF0EE1A2F430}
	EndGlobalSection
EndGlobal
